// !$*UTF8*$!
{
	archiveVersion = 1;
	classes = {
	};
	objectVersion = 46;
	objects = {

/* Begin PBXBuildFile section */
		C05672CA16BE0E6C00F18D1F /* SummaryView.xib in Resources */ = {isa = PBXBuildFile; fileRef = C05672C916BE0E6C00F18D1F /* SummaryView.xib */; };
		C05672CE16BE0EA200F18D1F /* SummaryView.m in Sources */ = {isa = PBXBuildFile; fileRef = C05672CD16BE0EA200F18D1F /* SummaryView.m */; };
		C05672D116BE0ED800F18D1F /* MileageManager.m in Sources */ = {isa = PBXBuildFile; fileRef = C05672D016BE0ED800F18D1F /* MileageManager.m */; };
		C05CCD1D16AEF7310046AB48 /* usuBanner.png in Resources */ = {isa = PBXBuildFile; fileRef = C05CCD1C16AEF7310046AB48 /* usuBanner.png */; };
		C0F0F7B116A8F9E6003FCD73 /* UIKit.framework in Frameworks */ = {isa = PBXBuildFile; fileRef = C0F0F7B016A8F9E6003FCD73 /* UIKit.framework */; };
		C0F0F7B316A8F9E6003FCD73 /* Foundation.framework in Frameworks */ = {isa = PBXBuildFile; fileRef = C0F0F7B216A8F9E6003FCD73 /* Foundation.framework */; };
		C0F0F7B516A8F9E6003FCD73 /* CoreGraphics.framework in Frameworks */ = {isa = PBXBuildFile; fileRef = C0F0F7B416A8F9E6003FCD73 /* CoreGraphics.framework */; };
		C0F0F7BB16A8F9E6003FCD73 /* InfoPlist.strings in Resources */ = {isa = PBXBuildFile; fileRef = C0F0F7B916A8F9E6003FCD73 /* InfoPlist.strings */; };
		C0F0F7BD16A8F9E6003FCD73 /* main.m in Sources */ = {isa = PBXBuildFile; fileRef = C0F0F7BC16A8F9E6003FCD73 /* main.m */; };
		C0F0F7C116A8F9E6003FCD73 /* AppDelegate.m in Sources */ = {isa = PBXBuildFile; fileRef = C0F0F7C016A8F9E6003FCD73 /* AppDelegate.m */; };
		C0F0F7C316A8F9E6003FCD73 /* Default.png in Resources */ = {isa = PBXBuildFile; fileRef = C0F0F7C216A8F9E6003FCD73 /* Default.png */; };
		C0F0F7C516A8F9E6003FCD73 /* Default@2x.png in Resources */ = {isa = PBXBuildFile; fileRef = C0F0F7C416A8F9E6003FCD73 /* Default@2x.png */; };
		C0F0F7C716A8F9E6003FCD73 /* Default-568h@2x.png in Resources */ = {isa = PBXBuildFile; fileRef = C0F0F7C616A8F9E6003FCD73 /* Default-568h@2x.png */; };
		C0F0F7CA16A8F9E6003FCD73 /* ViewController.m in Sources */ = {isa = PBXBuildFile; fileRef = C0F0F7C916A8F9E6003FCD73 /* ViewController.m */; };
		C0F0F7CD16A8F9E6003FCD73 /* ViewController.xib in Resources */ = {isa = PBXBuildFile; fileRef = C0F0F7CB16A8F9E6003FCD73 /* ViewController.xib */; };
		C0F0F7D416A8FB68003FCD73 /* wordmark.jpg in Resources */ = {isa = PBXBuildFile; fileRef = C0F0F7D316A8FB68003FCD73 /* wordmark.jpg */; };
		C0F0F7D616A90086003FCD73 /* mileage.png in Resources */ = {isa = PBXBuildFile; fileRef = C0F0F7D516A90086003FCD73 /* mileage.png */; };
		C0F2E39B16BE402B00412CA9 /* MapViewViewController.m in Sources */ = {isa = PBXBuildFile; fileRef = C0F2E39916BE402A00412CA9 /* MapViewViewController.m */; };
		C0F2E39C16BE402B00412CA9 /* MapViewViewController.xib in Resources */ = {isa = PBXBuildFile; fileRef = C0F2E39A16BE402A00412CA9 /* MapViewViewController.xib */; };
		C0F2E39F16BE408200412CA9 /* MapKit.framework in Frameworks */ = {isa = PBXBuildFile; fileRef = C0F2E39E16BE408200412CA9 /* MapKit.framework */; };
/* End PBXBuildFile section */

/* Begin PBXFileReference section */
		C05672C916BE0E6C00F18D1F /* SummaryView.xib */ = {isa = PBXFileReference; fileEncoding = 4; lastKnownFileType = file.xib; path = SummaryView.xib; sourceTree = "<group>"; };
		C05672CC16BE0EA200F18D1F /* SummaryView.h */ = {isa = PBXFileReference; fileEncoding = 4; lastKnownFileType = sourcecode.c.h; path = SummaryView.h; sourceTree = "<group>"; };
		C05672CD16BE0EA200F18D1F /* SummaryView.m */ = {isa = PBXFileReference; fileEncoding = 4; lastKnownFileType = sourcecode.c.objc; path = SummaryView.m; sourceTree = "<group>"; };
		C05672CF16BE0ED800F18D1F /* MileageManager.h */ = {isa = PBXFileReference; fileEncoding = 4; lastKnownFileType = sourcecode.c.h; path = MileageManager.h; sourceTree = "<group>"; };
		C05672D016BE0ED800F18D1F /* MileageManager.m */ = {isa = PBXFileReference; fileEncoding = 4; lastKnownFileType = sourcecode.c.objc; path = MileageManager.m; sourceTree = "<group>"; };
		C05CCD1C16AEF7310046AB48 /* usuBanner.png */ = {isa = PBXFileReference; lastKnownFileType = image.png; path = usuBanner.png; sourceTree = "<group>"; };
		C0F0F7AC16A8F9E6003FCD73 /* West_Mileage.app */ = {isa = PBXFileReference; explicitFileType = wrapper.application; includeInIndex = 0; path = West_Mileage.app; sourceTree = BUILT_PRODUCTS_DIR; };
		C0F0F7B016A8F9E6003FCD73 /* UIKit.framework */ = {isa = PBXFileReference; lastKnownFileType = wrapper.framework; name = UIKit.framework; path = System/Library/Frameworks/UIKit.framework; sourceTree = SDKROOT; };
		C0F0F7B216A8F9E6003FCD73 /* Foundation.framework */ = {isa = PBXFileReference; lastKnownFileType = wrapper.framework; name = Foundation.framework; path = System/Library/Frameworks/Foundation.framework; sourceTree = SDKROOT; };
		C0F0F7B416A8F9E6003FCD73 /* CoreGraphics.framework */ = {isa = PBXFileReference; lastKnownFileType = wrapper.framework; name = CoreGraphics.framework; path = System/Library/Frameworks/CoreGraphics.framework; sourceTree = SDKROOT; };
		C0F0F7B816A8F9E6003FCD73 /* West_Mileage-Info.plist */ = {isa = PBXFileReference; lastKnownFileType = text.plist.xml; path = "West_Mileage-Info.plist"; sourceTree = "<group>"; };
		C0F0F7BA16A8F9E6003FCD73 /* en */ = {isa = PBXFileReference; lastKnownFileType = text.plist.strings; name = en; path = en.lproj/InfoPlist.strings; sourceTree = "<group>"; };
		C0F0F7BC16A8F9E6003FCD73 /* main.m */ = {isa = PBXFileReference; lastKnownFileType = sourcecode.c.objc; path = main.m; sourceTree = "<group>"; };
		C0F0F7BE16A8F9E6003FCD73 /* West_Mileage-Prefix.pch */ = {isa = PBXFileReference; lastKnownFileType = sourcecode.c.h; path = "West_Mileage-Prefix.pch"; sourceTree = "<group>"; };
		C0F0F7BF16A8F9E6003FCD73 /* AppDelegate.h */ = {isa = PBXFileReference; lastKnownFileType = sourcecode.c.h; path = AppDelegate.h; sourceTree = "<group>"; };
		C0F0F7C016A8F9E6003FCD73 /* AppDelegate.m */ = {isa = PBXFileReference; lastKnownFileType = sourcecode.c.objc; path = AppDelegate.m; sourceTree = "<group>"; };
		C0F0F7C216A8F9E6003FCD73 /* Default.png */ = {isa = PBXFileReference; lastKnownFileType = image.png; path = Default.png; sourceTree = "<group>"; };
		C0F0F7C416A8F9E6003FCD73 /* Default@2x.png */ = {isa = PBXFileReference; lastKnownFileType = image.png; path = "Default@2x.png"; sourceTree = "<group>"; };
		C0F0F7C616A8F9E6003FCD73 /* Default-568h@2x.png */ = {isa = PBXFileReference; lastKnownFileType = image.png; path = "Default-568h@2x.png"; sourceTree = "<group>"; };
		C0F0F7C916A8F9E6003FCD73 /* ViewController.m */ = {isa = PBXFileReference; lastKnownFileType = sourcecode.c.objc; path = ViewController.m; sourceTree = "<group>"; };
		C0F0F7CC16A8F9E6003FCD73 /* en */ = {isa = PBXFileReference; lastKnownFileType = file.xib; name = en; path = en.lproj/ViewController.xib; sourceTree = "<group>"; };
		C0F0F7D316A8FB68003FCD73 /* wordmark.jpg */ = {isa = PBXFileReference; lastKnownFileType = image.jpeg; path = wordmark.jpg; sourceTree = "<group>"; };
		C0F0F7D516A90086003FCD73 /* mileage.png */ = {isa = PBXFileReference; lastKnownFileType = image.png; path = mileage.png; sourceTree = "<group>"; };
		C0F0F7D916A90CD8003FCD73 /* ViewController.h */ = {isa = PBXFileReference; fileEncoding = 4; lastKnownFileType = sourcecode.c.h; path = ViewController.h; sourceTree = "<group>"; };
		C0F2E39816BE402A00412CA9 /* MapViewViewController.h */ = {isa = PBXFileReference; fileEncoding = 4; lastKnownFileType = sourcecode.c.h; path = MapViewViewController.h; sourceTree = "<group>"; };
		C0F2E39916BE402A00412CA9 /* MapViewViewController.m */ = {isa = PBXFileReference; fileEncoding = 4; lastKnownFileType = sourcecode.c.objc; path = MapViewViewController.m; sourceTree = "<group>"; };
		C0F2E39A16BE402A00412CA9 /* MapViewViewController.xib */ = {isa = PBXFileReference; fileEncoding = 4; lastKnownFileType = file.xib; path = MapViewViewController.xib; sourceTree = "<group>"; };
		C0F2E39E16BE408200412CA9 /* MapKit.framework */ = {isa = PBXFileReference; lastKnownFileType = wrapper.framework; name = MapKit.framework; path = System/Library/Frameworks/MapKit.framework; sourceTree = SDKROOT; };
/* End PBXFileReference section */

/* Begin PBXFrameworksBuildPhase section */
		C0F0F7A916A8F9E5003FCD73 /* Frameworks */ = {
			isa = PBXFrameworksBuildPhase;
			buildActionMask = 2147483647;
			files = (
				C0F2E39F16BE408200412CA9 /* MapKit.framework in Frameworks */,
				C0F0F7B116A8F9E6003FCD73 /* UIKit.framework in Frameworks */,
				C0F0F7B316A8F9E6003FCD73 /* Foundation.framework in Frameworks */,
				C0F0F7B516A8F9E6003FCD73 /* CoreGraphics.framework in Frameworks */,
			);
			runOnlyForDeploymentPostprocessing = 0;
		};
/* End PBXFrameworksBuildPhase section */

/* Begin PBXGroup section */
		C0F0F7A116A8F9E5003FCD73 = {
			isa = PBXGroup;
			children = (
				C0F2E39E16BE408200412CA9 /* MapKit.framework */,
				C0F0F7D516A90086003FCD73 /* mileage.png */,
				C0F0F7B616A8F9E6003FCD73 /* West_Mileage */,
				C0F0F7AF16A8F9E6003FCD73 /* Frameworks */,
				C0F0F7AD16A8F9E6003FCD73 /* Products */,
			);
			sourceTree = "<group>";
		};
		C0F0F7AD16A8F9E6003FCD73 /* Products */ = {
			isa = PBXGroup;
			children = (
				C0F0F7AC16A8F9E6003FCD73 /* West_Mileage.app */,
			);
			name = Products;
			sourceTree = "<group>";
		};
		C0F0F7AF16A8F9E6003FCD73 /* Frameworks */ = {
			isa = PBXGroup;
			children = (
				C0F0F7B016A8F9E6003FCD73 /* UIKit.framework */,
				C0F0F7B216A8F9E6003FCD73 /* Foundation.framework */,
				C0F0F7B416A8F9E6003FCD73 /* CoreGraphics.framework */,
			);
			name = Frameworks;
			sourceTree = "<group>";
		};
		C0F0F7B616A8F9E6003FCD73 /* West_Mileage */ = {
			isa = PBXGroup;
			children = (
				C0F0F7BF16A8F9E6003FCD73 /* AppDelegate.h */,
				C0F0F7C016A8F9E6003FCD73 /* AppDelegate.m */,
				C0F0F7D916A90CD8003FCD73 /* ViewController.h */,
				C0F0F7C916A8F9E6003FCD73 /* ViewController.m */,
				C0F2E39816BE402A00412CA9 /* MapViewViewController.h */,
				C0F2E39916BE402A00412CA9 /* MapViewViewController.m */,
				C0F2E39A16BE402A00412CA9 /* MapViewViewController.xib */,
				C0F0F7CB16A8F9E6003FCD73 /* ViewController.xib */,
				C05672CF16BE0ED800F18D1F /* MileageManager.h */,
				C05672D016BE0ED800F18D1F /* MileageManager.m */,
				C05672CC16BE0EA200F18D1F /* SummaryView.h */,
				C05672CD16BE0EA200F18D1F /* SummaryView.m */,
				C05672C916BE0E6C00F18D1F /* SummaryView.xib */,
				C0F0F7B716A8F9E6003FCD73 /* Supporting Files */,
			);
			name = West_Mileage;
			path = West_Mileage_1;
			sourceTree = "<group>";
		};
		C0F0F7B716A8F9E6003FCD73 /* Supporting Files */ = {
			isa = PBXGroup;
			children = (
				C05CCD1C16AEF7310046AB48 /* usuBanner.png */,
				C0F0F7D316A8FB68003FCD73 /* wordmark.jpg */,
				C0F0F7B816A8F9E6003FCD73 /* West_Mileage-Info.plist */,
				C0F0F7B916A8F9E6003FCD73 /* InfoPlist.strings */,
				C0F0F7BC16A8F9E6003FCD73 /* main.m */,
				C0F0F7BE16A8F9E6003FCD73 /* West_Mileage-Prefix.pch */,
				C0F0F7C216A8F9E6003FCD73 /* Default.png */,
				C0F0F7C416A8F9E6003FCD73 /* Default@2x.png */,
				C0F0F7C616A8F9E6003FCD73 /* Default-568h@2x.png */,
			);
			name = "Supporting Files";
			sourceTree = "<group>";
		};
/* End PBXGroup section */

/* Begin PBXNativeTarget section */
		C0F0F7AB16A8F9E5003FCD73 /* West_Mileage */ = {
			isa = PBXNativeTarget;
			buildConfigurationList = C0F0F7D016A8F9E6003FCD73 /* Build configuration list for PBXNativeTarget "West_Mileage" */;
			buildPhases = (
				C0F0F7A816A8F9E5003FCD73 /* Sources */,
				C0F0F7A916A8F9E5003FCD73 /* Frameworks */,
				C0F0F7AA16A8F9E5003FCD73 /* Resources */,
			);
			buildRules = (
			);
			dependencies = (
			);
			name = West_Mileage;
			productName = West_Mileage_1;
			productReference = C0F0F7AC16A8F9E6003FCD73 /* West_Mileage.app */;
			productType = "com.apple.product-type.application";
		};
/* End PBXNativeTarget section */

/* Begin PBXProject section */
		C0F0F7A316A8F9E5003FCD73 /* Project object */ = {
			isa = PBXProject;
			attributes = {
				LastUpgradeCheck = 0450;
				ORGANIZATIONNAME = "Gabriel West";
			};
			buildConfigurationList = C0F0F7A616A8F9E5003FCD73 /* Build configuration list for PBXProject "West_Mileage" */;
			compatibilityVersion = "Xcode 3.2";
			developmentRegion = English;
			hasScannedForEncodings = 0;
			knownRegions = (
				en,
			);
			mainGroup = C0F0F7A116A8F9E5003FCD73;
			productRefGroup = C0F0F7AD16A8F9E6003FCD73 /* Products */;
			projectDirPath = "";
			projectRoot = "";
			targets = (
				C0F0F7AB16A8F9E5003FCD73 /* West_Mileage */,
			);
		};
/* End PBXProject section */

/* Begin PBXResourcesBuildPhase section */
		C0F0F7AA16A8F9E5003FCD73 /* Resources */ = {
			isa = PBXResourcesBuildPhase;
			buildActionMask = 2147483647;
			files = (
				C0F0F7BB16A8F9E6003FCD73 /* InfoPlist.strings in Resources */,
				C0F0F7C316A8F9E6003FCD73 /* Default.png in Resources */,
				C0F0F7C516A8F9E6003FCD73 /* Default@2x.png in Resources */,
				C0F0F7C716A8F9E6003FCD73 /* Default-568h@2x.png in Resources */,
				C0F0F7CD16A8F9E6003FCD73 /* ViewController.xib in Resources */,
				C0F0F7D416A8FB68003FCD73 /* wordmark.jpg in Resources */,
				C0F0F7D616A90086003FCD73 /* mileage.png in Resources */,
				C05CCD1D16AEF7310046AB48 /* usuBanner.png in Resources */,
				C05672CA16BE0E6C00F18D1F /* SummaryView.xib in Resources */,
				C0F2E39C16BE402B00412CA9 /* MapViewViewController.xib in Resources */,
			);
			runOnlyForDeploymentPostprocessing = 0;
		};
/* End PBXResourcesBuildPhase section */

/* Begin PBXSourcesBuildPhase section */
		C0F0F7A816A8F9E5003FCD73 /* Sources */ = {
			isa = PBXSourcesBuildPhase;
			buildActionMask = 2147483647;
			files = (
				C0F0F7BD16A8F9E6003FCD73 /* main.m in Sources */,
				C0F0F7C116A8F9E6003FCD73 /* AppDelegate.m in Sources */,
				C0F0F7CA16A8F9E6003FCD73 /* ViewController.m in Sources */,
				C05672CE16BE0EA200F18D1F /* SummaryView.m in Sources */,
				C05672D116BE0ED800F18D1F /* MileageManager.m in Sources */,
				C0F2E39B16BE402B00412CA9 /* MapViewViewController.m in Sources */,
			);
			runOnlyForDeploymentPostprocessing = 0;
		};
/* End PBXSourcesBuildPhase section */

/* Begin PBXVariantGroup section */
		C0F0F7B916A8F9E6003FCD73 /* InfoPlist.strings */ = {
			isa = PBXVariantGroup;
			children = (
				C0F0F7BA16A8F9E6003FCD73 /* en */,
			);
			name = InfoPlist.strings;
			sourceTree = "<group>";
		};
		C0F0F7CB16A8F9E6003FCD73 /* ViewController.xib */ = {
			isa = PBXVariantGroup;
			children = (
				C0F0F7CC16A8F9E6003FCD73 /* en */,
			);
			name = ViewController.xib;
			sourceTree = "<group>";
		};
/* End PBXVariantGroup section */

/* Begin XCBuildConfiguration section */
		C0F0F7CE16A8F9E6003FCD73 /* Debug */ = {
			isa = XCBuildConfiguration;
			buildSettings = {
				ALWAYS_SEARCH_USER_PATHS = NO;
				CLANG_CXX_LANGUAGE_STANDARD = "gnu++0x";
				CLANG_CXX_LIBRARY = "libc++";
				CLANG_ENABLE_OBJC_ARC = YES;
				CLANG_WARN_EMPTY_BODY = YES;
				CLANG_WARN__DUPLICATE_METHOD_MATCH = YES;
				"CODE_SIGN_IDENTITY[sdk=iphoneos*]" = "iPhone Developer";
				COPY_PHASE_STRIP = NO;
				GCC_C_LANGUAGE_STANDARD = gnu99;
				GCC_DYNAMIC_NO_PIC = NO;
				GCC_OPTIMIZATION_LEVEL = 0;
				GCC_PREPROCESSOR_DEFINITIONS = (
					"DEBUG=1",
					"$(inherited)",
				);
				GCC_SYMBOLS_PRIVATE_EXTERN = NO;
				GCC_WARN_ABOUT_RETURN_TYPE = YES;
				GCC_WARN_UNINITIALIZED_AUTOS = YES;
				GCC_WARN_UNUSED_VARIABLE = YES;
				IPHONEOS_DEPLOYMENT_TARGET = 6.0;
				SDKROOT = iphoneos;
			};
			name = Debug;
		};
		C0F0F7CF16A8F9E6003FCD73 /* Release */ = {
			isa = XCBuildConfiguration;
			buildSettings = {
				ALWAYS_SEARCH_USER_PATHS = NO;
				CLANG_CXX_LANGUAGE_STANDARD = "gnu++0x";
				CLANG_CXX_LIBRARY = "libc++";
				CLANG_ENABLE_OBJC_ARC = YES;
				CLANG_WARN_EMPTY_BODY = YES;
				CLANG_WARN__DUPLICATE_METHOD_MATCH = YES;
				"CODE_SIGN_IDENTITY[sdk=iphoneos*]" = "iPhone Developer";
				COPY_PHASE_STRIP = YES;
				GCC_C_LANGUAGE_STANDARD = gnu99;
				GCC_WARN_ABOUT_RETURN_TYPE = YES;
				GCC_WARN_UNINITIALIZED_AUTOS = YES;
				GCC_WARN_UNUSED_VARIABLE = YES;
				IPHONEOS_DEPLOYMENT_TARGET = 6.0;
				OTHER_CFLAGS = "-DNS_BLOCK_ASSERTIONS=1";
				SDKROOT = iphoneos;
				VALIDATE_PRODUCT = YES;
			};
			name = Release;
		};
		C0F0F7D116A8F9E6003FCD73 /* Debug */ = {
			isa = XCBuildConfiguration;
			buildSettings = {
				GCC_PRECOMPILE_PREFIX_HEADER = YES;
				GCC_PREFIX_HEADER = "West_Mileage_1/West_Mileage-Prefix.pch";
				INFOPLIST_FILE = "West_Mileage_1/West_Mileage-Info.plist";
				PRODUCT_NAME = West_Mileage;
				WRAPPER_EXTENSION = app;
			};
			name = Debug;
		};
		C0F0F7D216A8F9E6003FCD73 /* Release */ = {
			isa = XCBuildConfiguration;
			buildSettings = {
				GCC_PRECOMPILE_PREFIX_HEADER = YES;
				GCC_PREFIX_HEADER = "West_Mileage_1/West_Mileage-Prefix.pch";
				INFOPLIST_FILE = "West_Mileage_1/West_Mileage-Info.plist";
				PRODUCT_NAME = West_Mileage;
				WRAPPER_EXTENSION = app;
			};
			name = Release;
		};
/* End XCBuildConfiguration section */

/* Begin XCConfigurationList section */
		C0F0F7A616A8F9E5003FCD73 /* Build configuration list for PBXProject "West_Mileage" */ = {
			isa = XCConfigurationList;
			buildConfigurations = (
				C0F0F7CE16A8F9E6003FCD73 /* Debug */,
				C0F0F7CF16A8F9E6003FCD73 /* Release */,
			);
			defaultConfigurationIsVisible = 0;
			defaultConfigurationName = Release;
		};
		C0F0F7D016A8F9E6003FCD73 /* Build configuration list for PBXNativeTarget "West_Mileage" */ = {
			isa = XCConfigurationList;
			buildConfigurations = (
				C0F0F7D116A8F9E6003FCD73 /* Debug */,
				C0F0F7D216A8F9E6003FCD73 /* Release */,
			);
			defaultConfigurationIsVisible = 0;
			defaultConfigurationName = Release;
		};
/* End XCConfigurationList section */
	};
	rootObject = C0F0F7A316A8F9E5003FCD73 /* Project object */;
}
